
Microsoft Visual Studio Solution File, Format Version 12.00
# Visual Studio Version 17
VisualStudioVersion = 17.5.002.0
MinimumVisualStudioVersion = 10.0.40219.1
Project("{9A19103F-16F7-4668-BE54-9A1E7A4F7556}") = "TelefonRehberi", "TelefonRehberi.csproj", "{A1D4CE35-AF98-41C7-957B-EF6EB5ACE6FE}"
EndProject
Global
	GlobalSection(SolutionConfigurationPlatforms) = preSolution
		Debug|Any CPU = Debug|Any CPU
		Release|Any CPU = Release|Any CPU
	EndGlobalSection
	GlobalSection(ProjectConfigurationPlatforms) = postSolution
		{A1D4CE35-AF98-41C7-957B-EF6EB5ACE6FE}.Debug|Any CPU.ActiveCfg = Debug|Any CPU
		{A1D4CE35-AF98-41C7-957B-EF6EB5ACE6FE}.Debug|Any CPU.Build.0 = Debug|Any CPU
		{A1D4CE35-AF98-41C7-957B-EF6EB5ACE6FE}.Release|Any CPU.ActiveCfg = Release|Any CPU
		{A1D4CE35-AF98-41C7-957B-EF6EB5ACE6FE}.Release|Any CPU.Build.0 = Release|Any CPU
	EndGlobalSection
	GlobalSection(SolutionProperties) = preSolution
		HideSolutionNode = FALSE
	EndGlobalSection
	GlobalSection(ExtensibilityGlobals) = postSolution
		SolutionGuid = {44F1F59B-8A96-4BB9-9A1E-E2DF6ABAAD2B}
	EndGlobalSection
EndGlobal
